// !$*UTF8*$!
{
	archiveVersion = 1;
	classes = {
	};
	objectVersion = 55;
	objects = {

/* Begin PBXBuildFile section */
		22590EC128078CAE00B6C517 /* SidebarView.swift in Sources */ = {isa = PBXBuildFile; fileRef = 22590EC028078CAE00B6C517 /* SidebarView.swift */; };
		2816F9F32802052A00691460 /* SongStore.swift in Sources */ = {isa = PBXBuildFile; fileRef = 2816F9F22802052A00691460 /* SongStore.swift */; };
		2816F9F52802053F00691460 /* Song.swift in Sources */ = {isa = PBXBuildFile; fileRef = 2816F9F42802053F00691460 /* Song.swift */; };
		3A6A631727E655810089A620 /* LibraryView.swift in Sources */ = {isa = PBXBuildFile; fileRef = 3A6A631627E655810089A620 /* LibraryView.swift */; };
		3A6A631927E67FC40089A620 /* Utilities.swift in Sources */ = {isa = PBXBuildFile; fileRef = 3A6A631827E67FC40089A620 /* Utilities.swift */; };
		3A8AE82B27FE499F00308BF0 /* MusicUtilities.swift in Sources */ = {isa = PBXBuildFile; fileRef = 3A8AE82A27FE499E00308BF0 /* MusicUtilities.swift */; };
		3AA3A1CB27E5BCC900D5E005 /* Fonts in Resources */ = {isa = PBXBuildFile; fileRef = 3AA3A1CA27E5BCC900D5E005 /* Fonts */; };
		3AA4D0BE2804F5BB0062012A /* LibraryOverlayView.swift in Sources */ = {isa = PBXBuildFile; fileRef = 3AA4D0BD2804F5BB0062012A /* LibraryOverlayView.swift */; };
		3ABDCBEB27E0E91B006AC03A /* Styles.swift in Sources */ = {isa = PBXBuildFile; fileRef = 3ABDCBEA27E0E91B006AC03A /* Styles.swift */; };
		3AD178C127DBAA1300E2A774 /* dottiApp.swift in Sources */ = {isa = PBXBuildFile; fileRef = 3AD178C027DBAA1300E2A774 /* dottiApp.swift */; };
		3AD178C327DBAA1300E2A774 /* TitleView.swift in Sources */ = {isa = PBXBuildFile; fileRef = 3AD178C227DBAA1300E2A774 /* TitleView.swift */; };
		3AD178C527DBAA1700E2A774 /* Assets.xcassets in Resources */ = {isa = PBXBuildFile; fileRef = 3AD178C427DBAA1700E2A774 /* Assets.xcassets */; };
		3AD178C827DBAA1700E2A774 /* Preview Assets.xcassets in Resources */ = {isa = PBXBuildFile; fileRef = 3AD178C727DBAA1700E2A774 /* Preview Assets.xcassets */; };
		66DAB9E46FF87D7F9FDD6DE0 /* Pods_dotti.framework in Frameworks */ = {isa = PBXBuildFile; fileRef = 6711089E685C8365C1311032 /* Pods_dotti.framework */; };
		830B38CF2800E57600CDA7A7 /* FrameView.swift in Sources */ = {isa = PBXBuildFile; fileRef = 830B38CE2800E57600CDA7A7 /* FrameView.swift */; };
		830B38D22800E98C00CDA7A7 /* CameraManager.swift in Sources */ = {isa = PBXBuildFile; fileRef = 830B38D12800E98C00CDA7A7 /* CameraManager.swift */; };
		830B38D42800EE6600CDA7A7 /* FrameManager.swift in Sources */ = {isa = PBXBuildFile; fileRef = 830B38D32800EE6600CDA7A7 /* FrameManager.swift */; };
		830B38D72800EF8500CDA7A7 /* ContentViewModel.swift in Sources */ = {isa = PBXBuildFile; fileRef = 830B38D62800EF8500CDA7A7 /* ContentViewModel.swift */; };
		8310C88028011983001C5210 /* AudioPlayer.swift in Sources */ = {isa = PBXBuildFile; fileRef = 8310C87F28011983001C5210 /* AudioPlayer.swift */; };
		8310C88328012032001C5210 /* AudioView.swift in Sources */ = {isa = PBXBuildFile; fileRef = 8310C88228012032001C5210 /* AudioView.swift */; };
		8370B1A527F921B900C53EC0 /* ResultsView.swift in Sources */ = {isa = PBXBuildFile; fileRef = 8370B1A427F921B900C53EC0 /* ResultsView.swift */; };
		8370B1A727F9238400C53EC0 /* GuitarLessonView.swift in Sources */ = {isa = PBXBuildFile; fileRef = 8370B1A627F9238400C53EC0 /* GuitarLessonView.swift */; };
		83E7903927FA1E5200BC742A /* SongItem.swift in Sources */ = {isa = PBXBuildFile; fileRef = 83E7903827FA1E5200BC742A /* SongItem.swift */; };
/* End PBXBuildFile section */

/* Begin PBXFileReference section */
		22590EC028078CAE00B6C517 /* SidebarView.swift */ = {isa = PBXFileReference; lastKnownFileType = sourcecode.swift; path = SidebarView.swift; sourceTree = "<group>"; };
		2816F9F22802052A00691460 /* SongStore.swift */ = {isa = PBXFileReference; lastKnownFileType = sourcecode.swift; path = SongStore.swift; sourceTree = "<group>"; };
		2816F9F42802053F00691460 /* Song.swift */ = {isa = PBXFileReference; lastKnownFileType = sourcecode.swift; path = Song.swift; sourceTree = "<group>"; };
		3A6A631627E655810089A620 /* LibraryView.swift */ = {isa = PBXFileReference; lastKnownFileType = sourcecode.swift; path = LibraryView.swift; sourceTree = "<group>"; };
		3A6A631827E67FC40089A620 /* Utilities.swift */ = {isa = PBXFileReference; lastKnownFileType = sourcecode.swift; path = Utilities.swift; sourceTree = "<group>"; };
		3A8AE82A27FE499E00308BF0 /* MusicUtilities.swift */ = {isa = PBXFileReference; lastKnownFileType = sourcecode.swift; path = MusicUtilities.swift; sourceTree = "<group>"; };
		3AA3A1CA27E5BCC900D5E005 /* Fonts */ = {isa = PBXFileReference; lastKnownFileType = folder; path = Fonts; sourceTree = "<group>"; };
		3AA3A1CC27E5BCFB00D5E005 /* Info.plist */ = {isa = PBXFileReference; lastKnownFileType = text.plist; path = Info.plist; sourceTree = "<group>"; };
		3AA4D0BD2804F5BB0062012A /* LibraryOverlayView.swift */ = {isa = PBXFileReference; fileEncoding = 4; lastKnownFileType = sourcecode.swift; path = LibraryOverlayView.swift; sourceTree = "<group>"; };
		3ABDCBEA27E0E91B006AC03A /* Styles.swift */ = {isa = PBXFileReference; lastKnownFileType = sourcecode.swift; path = Styles.swift; sourceTree = "<group>"; };
		3AD178BD27DBAA1300E2A774 /* dotti.app */ = {isa = PBXFileReference; explicitFileType = wrapper.application; includeInIndex = 0; path = dotti.app; sourceTree = BUILT_PRODUCTS_DIR; };
		3AD178C027DBAA1300E2A774 /* dottiApp.swift */ = {isa = PBXFileReference; lastKnownFileType = sourcecode.swift; path = dottiApp.swift; sourceTree = "<group>"; };
		3AD178C227DBAA1300E2A774 /* TitleView.swift */ = {isa = PBXFileReference; lastKnownFileType = sourcecode.swift; path = TitleView.swift; sourceTree = "<group>"; };
		3AD178C427DBAA1700E2A774 /* Assets.xcassets */ = {isa = PBXFileReference; lastKnownFileType = folder.assetcatalog; path = Assets.xcassets; sourceTree = "<group>"; };
		3AD178C727DBAA1700E2A774 /* Preview Assets.xcassets */ = {isa = PBXFileReference; lastKnownFileType = folder.assetcatalog; path = "Preview Assets.xcassets"; sourceTree = "<group>"; };
		6711089E685C8365C1311032 /* Pods_dotti.framework */ = {isa = PBXFileReference; explicitFileType = wrapper.framework; includeInIndex = 0; path = Pods_dotti.framework; sourceTree = BUILT_PRODUCTS_DIR; };
		830B38CE2800E57600CDA7A7 /* FrameView.swift */ = {isa = PBXFileReference; lastKnownFileType = sourcecode.swift; path = FrameView.swift; sourceTree = "<group>"; };
		830B38D12800E98C00CDA7A7 /* CameraManager.swift */ = {isa = PBXFileReference; lastKnownFileType = sourcecode.swift; path = CameraManager.swift; sourceTree = "<group>"; };
		830B38D32800EE6600CDA7A7 /* FrameManager.swift */ = {isa = PBXFileReference; lastKnownFileType = sourcecode.swift; path = FrameManager.swift; sourceTree = "<group>"; };
		830B38D62800EF8500CDA7A7 /* ContentViewModel.swift */ = {isa = PBXFileReference; lastKnownFileType = sourcecode.swift; path = ContentViewModel.swift; sourceTree = "<group>"; };
		8310C87F28011983001C5210 /* AudioPlayer.swift */ = {isa = PBXFileReference; lastKnownFileType = sourcecode.swift; path = AudioPlayer.swift; sourceTree = "<group>"; };
		8310C88228012032001C5210 /* AudioView.swift */ = {isa = PBXFileReference; lastKnownFileType = sourcecode.swift; path = AudioView.swift; sourceTree = "<group>"; };
		8370B1A427F921B900C53EC0 /* ResultsView.swift */ = {isa = PBXFileReference; lastKnownFileType = sourcecode.swift; path = ResultsView.swift; sourceTree = "<group>"; };
		8370B1A627F9238400C53EC0 /* GuitarLessonView.swift */ = {isa = PBXFileReference; lastKnownFileType = sourcecode.swift; path = GuitarLessonView.swift; sourceTree = "<group>"; };
		83E7903827FA1E5200BC742A /* SongItem.swift */ = {isa = PBXFileReference; lastKnownFileType = sourcecode.swift; path = SongItem.swift; sourceTree = "<group>"; };
		A5C3ADCAD1CA31F15B7ECC9F /* Pods-dotti.debug.xcconfig */ = {isa = PBXFileReference; includeInIndex = 1; lastKnownFileType = text.xcconfig; name = "Pods-dotti.debug.xcconfig"; path = "Target Support Files/Pods-dotti/Pods-dotti.debug.xcconfig"; sourceTree = "<group>"; };
		D00EA0FF926C08027ADA6657 /* Pods-dotti.release.xcconfig */ = {isa = PBXFileReference; includeInIndex = 1; lastKnownFileType = text.xcconfig; name = "Pods-dotti.release.xcconfig"; path = "Target Support Files/Pods-dotti/Pods-dotti.release.xcconfig"; sourceTree = "<group>"; };
/* End PBXFileReference section */

/* Begin PBXFrameworksBuildPhase section */
		3AD178BA27DBAA1200E2A774 /* Frameworks */ = {
			isa = PBXFrameworksBuildPhase;
			buildActionMask = 2147483647;
			files = (
				66DAB9E46FF87D7F9FDD6DE0 /* Pods_dotti.framework in Frameworks */,
			);
			runOnlyForDeploymentPostprocessing = 0;
		};
/* End PBXFrameworksBuildPhase section */

/* Begin PBXGroup section */
		22590EC228078CC700B6C517 /* GuitarLesson */ = {
			isa = PBXGroup;
			children = (
				8370B1A627F9238400C53EC0 /* GuitarLessonView.swift */,
				22590EC028078CAE00B6C517 /* SidebarView.swift */,
			);
			path = GuitarLesson;
			sourceTree = "<group>";
		};
		3AD178B427DBAA1200E2A774 = {
			isa = PBXGroup;
			children = (
				3AD178BF27DBAA1300E2A774 /* dotti */,
				3AD178BE27DBAA1300E2A774 /* Products */,
				F5CC8D8452B16DAC0FEE1830 /* Pods */,
				F550BC87714C1E76CC2B04CA /* Frameworks */,
			);
			sourceTree = "<group>";
		};
		3AD178BE27DBAA1300E2A774 /* Products */ = {
			isa = PBXGroup;
			children = (
				3AD178BD27DBAA1300E2A774 /* dotti.app */,
			);
			name = Products;
			sourceTree = "<group>";
		};
		3AD178BF27DBAA1300E2A774 /* dotti */ = {
			isa = PBXGroup;
			children = (
				3AD178C427DBAA1700E2A774 /* Assets.xcassets */,
				8310C87E28011940001C5210 /* Audio */,
				8310C88228012032001C5210 /* AudioView.swift */,
				830B38D02800E97800CDA7A7 /* Camera */,
				3AD178C027DBAA1300E2A774 /* dottiApp.swift */,
				3AA3A1CA27E5BCC900D5E005 /* Fonts */,
				830B38CE2800E57600CDA7A7 /* FrameView.swift */,
				3AA3A1CC27E5BCFB00D5E005 /* Info.plist */,
				3A6A631627E655810089A620 /* LibraryView.swift */,
				3AA4D0BD2804F5BB0062012A /* LibraryOverlayView.swift */,
				3A8AE82A27FE499E00308BF0 /* MusicUtilities.swift */,
				3AD178C627DBAA1700E2A774 /* Preview Content */,
				8370B1A427F921B900C53EC0 /* ResultsView.swift */,
				2816F9F42802053F00691460 /* Song.swift */,
				83E7903827FA1E5200BC742A /* SongItem.swift */,
				2816F9F22802052A00691460 /* SongStore.swift */,
				3ABDCBEA27E0E91B006AC03A /* Styles.swift */,
				3AD178C227DBAA1300E2A774 /* TitleView.swift */,
				3A6A631827E67FC40089A620 /* Utilities.swift */,
				830B38D52800EF7200CDA7A7 /* ViewModels */,
				22590EC228078CC700B6C517 /* GuitarLesson */,
			);
			path = dotti;
			sourceTree = "<group>";
		};
		3AD178C627DBAA1700E2A774 /* Preview Content */ = {
			isa = PBXGroup;
			children = (
				3AD178C727DBAA1700E2A774 /* Preview Assets.xcassets */,
			);
			path = "Preview Content";
			sourceTree = "<group>";
		};
		830B38D02800E97800CDA7A7 /* Camera */ = {
			isa = PBXGroup;
			children = (
				830B38D12800E98C00CDA7A7 /* CameraManager.swift */,
				830B38D32800EE6600CDA7A7 /* FrameManager.swift */,
			);
			path = Camera;
			sourceTree = "<group>";
		};
		830B38D52800EF7200CDA7A7 /* ViewModels */ = {
			isa = PBXGroup;
			children = (
				830B38D62800EF8500CDA7A7 /* ContentViewModel.swift */,
			);
			path = ViewModels;
			sourceTree = "<group>";
		};
		8310C87E28011940001C5210 /* Audio */ = {
			isa = PBXGroup;
			children = (
				8310C87F28011983001C5210 /* AudioPlayer.swift */,
			);
			path = Audio;
			sourceTree = "<group>";
		};
		F550BC87714C1E76CC2B04CA /* Frameworks */ = {
			isa = PBXGroup;
			children = (
				6711089E685C8365C1311032 /* Pods_dotti.framework */,
			);
			name = Frameworks;
			sourceTree = "<group>";
		};
		F5CC8D8452B16DAC0FEE1830 /* Pods */ = {
			isa = PBXGroup;
			children = (
				A5C3ADCAD1CA31F15B7ECC9F /* Pods-dotti.debug.xcconfig */,
				D00EA0FF926C08027ADA6657 /* Pods-dotti.release.xcconfig */,
			);
			path = Pods;
			sourceTree = "<group>";
		};
/* End PBXGroup section */

/* Begin PBXNativeTarget section */
		3AD178BC27DBAA1200E2A774 /* dotti */ = {
			isa = PBXNativeTarget;
			buildConfigurationList = 3AD178CB27DBAA1700E2A774 /* Build configuration list for PBXNativeTarget "dotti" */;
			buildPhases = (
				E9CB44EE2363EAE635FCF47C /* [CP] Check Pods Manifest.lock */,
				3AD178B927DBAA1200E2A774 /* Sources */,
				3AD178BA27DBAA1200E2A774 /* Frameworks */,
				3AD178BB27DBAA1200E2A774 /* Resources */,
			);
			buildRules = (
			);
			dependencies = (
			);
			name = dotti;
			productName = dotti;
			productReference = 3AD178BD27DBAA1300E2A774 /* dotti.app */;
			productType = "com.apple.product-type.application";
		};
/* End PBXNativeTarget section */

/* Begin PBXProject section */
		3AD178B527DBAA1200E2A774 /* Project object */ = {
			isa = PBXProject;
			attributes = {
				BuildIndependentTargetsInParallel = 1;
				LastSwiftUpdateCheck = 1320;
				LastUpgradeCheck = 1320;
				TargetAttributes = {
					3AD178BC27DBAA1200E2A774 = {
						CreatedOnToolsVersion = 13.2.1;
					};
				};
			};
			buildConfigurationList = 3AD178B827DBAA1200E2A774 /* Build configuration list for PBXProject "dotti" */;
			compatibilityVersion = "Xcode 13.0";
			developmentRegion = en;
			hasScannedForEncodings = 0;
			knownRegions = (
				en,
				Base,
			);
			mainGroup = 3AD178B427DBAA1200E2A774;
			productRefGroup = 3AD178BE27DBAA1300E2A774 /* Products */;
			projectDirPath = "";
			projectRoot = "";
			targets = (
				3AD178BC27DBAA1200E2A774 /* dotti */,
			);
		};
/* End PBXProject section */

/* Begin PBXResourcesBuildPhase section */
		3AD178BB27DBAA1200E2A774 /* Resources */ = {
			isa = PBXResourcesBuildPhase;
			buildActionMask = 2147483647;
			files = (
				3AA3A1CB27E5BCC900D5E005 /* Fonts in Resources */,
				3AD178C827DBAA1700E2A774 /* Preview Assets.xcassets in Resources */,
				3AD178C527DBAA1700E2A774 /* Assets.xcassets in Resources */,
			);
			runOnlyForDeploymentPostprocessing = 0;
		};
/* End PBXResourcesBuildPhase section */

/* Begin PBXShellScriptBuildPhase section */
		E9CB44EE2363EAE635FCF47C /* [CP] Check Pods Manifest.lock */ = {
			isa = PBXShellScriptBuildPhase;
			buildActionMask = 2147483647;
			files = (
			);
			inputFileListPaths = (
			);
			inputPaths = (
				"${PODS_PODFILE_DIR_PATH}/Podfile.lock",
				"${PODS_ROOT}/Manifest.lock",
			);
			name = "[CP] Check Pods Manifest.lock";
			outputFileListPaths = (
			);
			outputPaths = (
				"$(DERIVED_FILE_DIR)/Pods-dotti-checkManifestLockResult.txt",
			);
			runOnlyForDeploymentPostprocessing = 0;
			shellPath = /bin/sh;
			shellScript = "diff \"${PODS_PODFILE_DIR_PATH}/Podfile.lock\" \"${PODS_ROOT}/Manifest.lock\" > /dev/null\nif [ $? != 0 ] ; then\n    # print error to STDERR\n    echo \"error: The sandbox is not in sync with the Podfile.lock. Run 'pod install' or update your CocoaPods installation.\" >&2\n    exit 1\nfi\n# This output is used by Xcode 'outputs' to avoid re-running this script phase.\necho \"SUCCESS\" > \"${SCRIPT_OUTPUT_FILE_0}\"\n";
			showEnvVarsInLog = 0;
		};
/* End PBXShellScriptBuildPhase section */

/* Begin PBXSourcesBuildPhase section */
		3AD178B927DBAA1200E2A774 /* Sources */ = {
			isa = PBXSourcesBuildPhase;
			buildActionMask = 2147483647;
			files = (
				8370B1A727F9238400C53EC0 /* GuitarLessonView.swift in Sources */,
				830B38D72800EF8500CDA7A7 /* ContentViewModel.swift in Sources */,
				22590EC128078CAE00B6C517 /* SidebarView.swift in Sources */,
				3A6A631927E67FC40089A620 /* Utilities.swift in Sources */,
				3A8AE82B27FE499F00308BF0 /* MusicUtilities.swift in Sources */,
				3A6A631727E655810089A620 /* LibraryView.swift in Sources */,
				8370B1A527F921B900C53EC0 /* ResultsView.swift in Sources */,
				3ABDCBEB27E0E91B006AC03A /* Styles.swift in Sources */,
				3AD178C327DBAA1300E2A774 /* TitleView.swift in Sources */,
				830B38D42800EE6600CDA7A7 /* FrameManager.swift in Sources */,
				830B38CF2800E57600CDA7A7 /* FrameView.swift in Sources */,
				3AD178C127DBAA1300E2A774 /* dottiApp.swift in Sources */,
				83E7903927FA1E5200BC742A /* SongItem.swift in Sources */,
				830B38D22800E98C00CDA7A7 /* CameraManager.swift in Sources */,
				8310C88028011983001C5210 /* AudioPlayer.swift in Sources */,
				2816F9F52802053F00691460 /* Song.swift in Sources */,
				3AA4D0BE2804F5BB0062012A /* LibraryOverlayView.swift in Sources */,
				2816F9F32802052A00691460 /* SongStore.swift in Sources */,
				8310C88328012032001C5210 /* AudioView.swift in Sources */,
			);
			runOnlyForDeploymentPostprocessing = 0;
		};
/* End PBXSourcesBuildPhase section */

/* Begin XCBuildConfiguration section */
		3AD178C927DBAA1700E2A774 /* Debug */ = {
			isa = XCBuildConfiguration;
			buildSettings = {
				ALWAYS_SEARCH_USER_PATHS = NO;
				CLANG_ANALYZER_NONNULL = YES;
				CLANG_ANALYZER_NUMBER_OBJECT_CONVERSION = YES_AGGRESSIVE;
				CLANG_CXX_LANGUAGE_STANDARD = "gnu++17";
				CLANG_CXX_LIBRARY = "libc++";
				CLANG_ENABLE_MODULES = YES;
				CLANG_ENABLE_OBJC_ARC = YES;
				CLANG_ENABLE_OBJC_WEAK = YES;
				CLANG_WARN_BLOCK_CAPTURE_AUTORELEASING = YES;
				CLANG_WARN_BOOL_CONVERSION = YES;
				CLANG_WARN_COMMA = YES;
				CLANG_WARN_CONSTANT_CONVERSION = YES;
				CLANG_WARN_DEPRECATED_OBJC_IMPLEMENTATIONS = YES;
				CLANG_WARN_DIRECT_OBJC_ISA_USAGE = YES_ERROR;
				CLANG_WARN_DOCUMENTATION_COMMENTS = YES;
				CLANG_WARN_EMPTY_BODY = YES;
				CLANG_WARN_ENUM_CONVERSION = YES;
				CLANG_WARN_INFINITE_RECURSION = YES;
				CLANG_WARN_INT_CONVERSION = YES;
				CLANG_WARN_NON_LITERAL_NULL_CONVERSION = YES;
				CLANG_WARN_OBJC_IMPLICIT_RETAIN_SELF = YES;
				CLANG_WARN_OBJC_LITERAL_CONVERSION = YES;
				CLANG_WARN_OBJC_ROOT_CLASS = YES_ERROR;
				CLANG_WARN_QUOTED_INCLUDE_IN_FRAMEWORK_HEADER = YES;
				CLANG_WARN_RANGE_LOOP_ANALYSIS = YES;
				CLANG_WARN_STRICT_PROTOTYPES = YES;
				CLANG_WARN_SUSPICIOUS_MOVE = YES;
				CLANG_WARN_UNGUARDED_AVAILABILITY = YES_AGGRESSIVE;
				CLANG_WARN_UNREACHABLE_CODE = YES;
				CLANG_WARN__DUPLICATE_METHOD_MATCH = YES;
				COPY_PHASE_STRIP = NO;
				DEBUG_INFORMATION_FORMAT = dwarf;
				ENABLE_STRICT_OBJC_MSGSEND = YES;
				ENABLE_TESTABILITY = YES;
				GCC_C_LANGUAGE_STANDARD = gnu11;
				GCC_DYNAMIC_NO_PIC = NO;
				GCC_NO_COMMON_BLOCKS = YES;
				GCC_OPTIMIZATION_LEVEL = 0;
				GCC_PREPROCESSOR_DEFINITIONS = (
					"DEBUG=1",
					"$(inherited)",
				);
				GCC_WARN_64_TO_32_BIT_CONVERSION = YES;
				GCC_WARN_ABOUT_RETURN_TYPE = YES_ERROR;
				GCC_WARN_UNDECLARED_SELECTOR = YES;
				GCC_WARN_UNINITIALIZED_AUTOS = YES_AGGRESSIVE;
				GCC_WARN_UNUSED_FUNCTION = YES;
				GCC_WARN_UNUSED_VARIABLE = YES;
				IPHONEOS_DEPLOYMENT_TARGET = 15.2;
				MTL_ENABLE_DEBUG_INFO = INCLUDE_SOURCE;
				MTL_FAST_MATH = YES;
				ONLY_ACTIVE_ARCH = YES;
				SDKROOT = iphoneos;
				SWIFT_ACTIVE_COMPILATION_CONDITIONS = DEBUG;
				SWIFT_OPTIMIZATION_LEVEL = "-Onone";
			};
			name = Debug;
		};
		3AD178CA27DBAA1700E2A774 /* Release */ = {
			isa = XCBuildConfiguration;
			buildSettings = {
				ALWAYS_SEARCH_USER_PATHS = NO;
				CLANG_ANALYZER_NONNULL = YES;
				CLANG_ANALYZER_NUMBER_OBJECT_CONVERSION = YES_AGGRESSIVE;
				CLANG_CXX_LANGUAGE_STANDARD = "gnu++17";
				CLANG_CXX_LIBRARY = "libc++";
				CLANG_ENABLE_MODULES = YES;
				CLANG_ENABLE_OBJC_ARC = YES;
				CLANG_ENABLE_OBJC_WEAK = YES;
				CLANG_WARN_BLOCK_CAPTURE_AUTORELEASING = YES;
				CLANG_WARN_BOOL_CONVERSION = YES;
				CLANG_WARN_COMMA = YES;
				CLANG_WARN_CONSTANT_CONVERSION = YES;
				CLANG_WARN_DEPRECATED_OBJC_IMPLEMENTATIONS = YES;
				CLANG_WARN_DIRECT_OBJC_ISA_USAGE = YES_ERROR;
				CLANG_WARN_DOCUMENTATION_COMMENTS = YES;
				CLANG_WARN_EMPTY_BODY = YES;
				CLANG_WARN_ENUM_CONVERSION = YES;
				CLANG_WARN_INFINITE_RECURSION = YES;
				CLANG_WARN_INT_CONVERSION = YES;
				CLANG_WARN_NON_LITERAL_NULL_CONVERSION = YES;
				CLANG_WARN_OBJC_IMPLICIT_RETAIN_SELF = YES;
				CLANG_WARN_OBJC_LITERAL_CONVERSION = YES;
				CLANG_WARN_OBJC_ROOT_CLASS = YES_ERROR;
				CLANG_WARN_QUOTED_INCLUDE_IN_FRAMEWORK_HEADER = YES;
				CLANG_WARN_RANGE_LOOP_ANALYSIS = YES;
				CLANG_WARN_STRICT_PROTOTYPES = YES;
				CLANG_WARN_SUSPICIOUS_MOVE = YES;
				CLANG_WARN_UNGUARDED_AVAILABILITY = YES_AGGRESSIVE;
				CLANG_WARN_UNREACHABLE_CODE = YES;
				CLANG_WARN__DUPLICATE_METHOD_MATCH = YES;
				COPY_PHASE_STRIP = NO;
				DEBUG_INFORMATION_FORMAT = "dwarf-with-dsym";
				ENABLE_NS_ASSERTIONS = NO;
				ENABLE_STRICT_OBJC_MSGSEND = YES;
				GCC_C_LANGUAGE_STANDARD = gnu11;
				GCC_NO_COMMON_BLOCKS = YES;
				GCC_WARN_64_TO_32_BIT_CONVERSION = YES;
				GCC_WARN_ABOUT_RETURN_TYPE = YES_ERROR;
				GCC_WARN_UNDECLARED_SELECTOR = YES;
				GCC_WARN_UNINITIALIZED_AUTOS = YES_AGGRESSIVE;
				GCC_WARN_UNUSED_FUNCTION = YES;
				GCC_WARN_UNUSED_VARIABLE = YES;
				IPHONEOS_DEPLOYMENT_TARGET = 15.2;
				MTL_ENABLE_DEBUG_INFO = NO;
				MTL_FAST_MATH = YES;
				SDKROOT = iphoneos;
				SWIFT_COMPILATION_MODE = wholemodule;
				SWIFT_OPTIMIZATION_LEVEL = "-O";
				VALIDATE_PRODUCT = YES;
			};
			name = Release;
		};
		3AD178CC27DBAA1700E2A774 /* Debug */ = {
			isa = XCBuildConfiguration;
			baseConfigurationReference = A5C3ADCAD1CA31F15B7ECC9F /* Pods-dotti.debug.xcconfig */;
			buildSettings = {
				ASSETCATALOG_COMPILER_APPICON_NAME = AppIcon;
				ASSETCATALOG_COMPILER_GLOBAL_ACCENT_COLOR_NAME = AccentColor;
				CODE_SIGN_IDENTITY = "Apple Development";
				CODE_SIGN_STYLE = Automatic;
				CURRENT_PROJECT_VERSION = 1;
				DEVELOPMENT_ASSET_PATHS = "\"dotti/Preview Content\"";
				DEVELOPMENT_TEAM = NE45AS787F;
				ENABLE_PREVIEWS = YES;
				GENERATE_INFOPLIST_FILE = YES;
				INFOPLIST_FILE = dotti/Info.plist;
				INFOPLIST_KEY_NSCameraUsageDescription = "For the lessons";
				INFOPLIST_KEY_NSMicrophoneUsageDescription = "For results";
				INFOPLIST_KEY_UIApplicationSceneManifest_Generation = YES;
				INFOPLIST_KEY_UIApplicationSupportsIndirectInputEvents = YES;
				INFOPLIST_KEY_UILaunchScreen_Generation = YES;
				INFOPLIST_KEY_UISupportedInterfaceOrientations_iPad = "UIInterfaceOrientationPortrait UIInterfaceOrientationPortraitUpsideDown UIInterfaceOrientationLandscapeLeft UIInterfaceOrientationLandscapeRight";
				INFOPLIST_KEY_UISupportedInterfaceOrientations_iPhone = "UIInterfaceOrientationPortrait UIInterfaceOrientationLandscapeLeft UIInterfaceOrientationLandscapeRight";
				LD_RUNPATH_SEARCH_PATHS = (
					"$(inherited)",
					"@executable_path/Frameworks",
				);
				MARKETING_VERSION = 1.0;
				PRODUCT_BUNDLE_IDENTIFIER = edu.umich.dotti;
				PRODUCT_NAME = "$(TARGET_NAME)";
				PROVISIONING_PROFILE_SPECIFIER = "";
				SWIFT_EMIT_LOC_STRINGS = YES;
				SWIFT_VERSION = 5.0;
				TARGETED_DEVICE_FAMILY = 1;
			};
			name = Debug;
		};
		3AD178CD27DBAA1700E2A774 /* Release */ = {
			isa = XCBuildConfiguration;
			baseConfigurationReference = D00EA0FF926C08027ADA6657 /* Pods-dotti.release.xcconfig */;
			buildSettings = {
				ASSETCATALOG_COMPILER_APPICON_NAME = AppIcon;
				ASSETCATALOG_COMPILER_GLOBAL_ACCENT_COLOR_NAME = AccentColor;
				CODE_SIGN_IDENTITY = "Apple Development";
				CODE_SIGN_STYLE = Automatic;
				CURRENT_PROJECT_VERSION = 1;
				DEVELOPMENT_ASSET_PATHS = "\"dotti/Preview Content\"";
				DEVELOPMENT_TEAM = NE45AS787F;
				ENABLE_PREVIEWS = YES;
				GENERATE_INFOPLIST_FILE = YES;
				INFOPLIST_FILE = dotti/Info.plist;
				INFOPLIST_KEY_NSCameraUsageDescription = "For the lessons";
				INFOPLIST_KEY_NSMicrophoneUsageDescription = "For results";
				INFOPLIST_KEY_UIApplicationSceneManifest_Generation = YES;
				INFOPLIST_KEY_UIApplicationSupportsIndirectInputEvents = YES;
				INFOPLIST_KEY_UILaunchScreen_Generation = YES;
				INFOPLIST_KEY_UISupportedInterfaceOrientations_iPad = "UIInterfaceOrientationPortrait UIInterfaceOrientationPortraitUpsideDown UIInterfaceOrientationLandscapeLeft UIInterfaceOrientationLandscapeRight";
				INFOPLIST_KEY_UISupportedInterfaceOrientations_iPhone = "UIInterfaceOrientationPortrait UIInterfaceOrientationLandscapeLeft UIInterfaceOrientationLandscapeRight";
				LD_RUNPATH_SEARCH_PATHS = (
					"$(inherited)",
					"@executable_path/Frameworks",
				);
				MARKETING_VERSION = 1.0;
				PRODUCT_BUNDLE_IDENTIFIER = edu.umich.dotti;
				PRODUCT_NAME = "$(TARGET_NAME)";
				PROVISIONING_PROFILE_SPECIFIER = "";
				SWIFT_EMIT_LOC_STRINGS = YES;
				SWIFT_VERSION = 5.0;
				TARGETED_DEVICE_FAMILY = 1;
			};
			name = Release;
		};
/* End XCBuildConfiguration section */

/* Begin XCConfigurationList section */
		3AD178B827DBAA1200E2A774 /* Build configuration list for PBXProject "dotti" */ = {
			isa = XCConfigurationList;
			buildConfigurations = (
				3AD178C927DBAA1700E2A774 /* Debug */,
				3AD178CA27DBAA1700E2A774 /* Release */,
			);
			defaultConfigurationIsVisible = 0;
			defaultConfigurationName = Release;
		};
		3AD178CB27DBAA1700E2A774 /* Build configuration list for PBXNativeTarget "dotti" */ = {
			isa = XCConfigurationList;
			buildConfigurations = (
				3AD178CC27DBAA1700E2A774 /* Debug */,
				3AD178CD27DBAA1700E2A774 /* Release */,
			);
			defaultConfigurationIsVisible = 0;
			defaultConfigurationName = Release;
		};
/* End XCConfigurationList section */
	};
	rootObject = 3AD178B527DBAA1200E2A774 /* Project object */;
}
